
Microsoft Visual Studio Solution File, Format Version 12.00
# Visual Studio Version 16
VisualStudioVersion = 16.0.29215.179
MinimumVisualStudioVersion = 10.0.40219.1
Project("{FAE04EC0-301F-11D3-BF4B-00C04F79EFBC}") = "Infatlan_STEI", "Infatlan_STEI\Infatlan_STEI.csproj", "{EEA3C292-C647-4F46-9F29-35A0C6B437EF}"
EndProject
Project("{FAE04EC0-301F-11D3-BF4B-00C04F79EFBC}") = "Infatlan_STEI_Agencias", "Infatlan_STEI_Agencias\Infatlan_STEI_Agencias.csproj", "{51759351-E84C-4568-8925-265C185F9808}"
	ProjectSection(ProjectDependencies) = postProject
		{EEA3C292-C647-4F46-9F29-35A0C6B437EF} = {EEA3C292-C647-4F46-9F29-35A0C6B437EF}
	EndProjectSection
EndProject
Project("{FAE04EC0-301F-11D3-BF4B-00C04F79EFBC}") = "Infatlan_STEI_ATM", "Infatlan_STEI_ATM\Infatlan_STEI_ATM.csproj", "{67B0F33E-BFB7-420C-9D8B-00012452C6AA}"
	ProjectSection(ProjectDependencies) = postProject
		{EEA3C292-C647-4F46-9F29-35A0C6B437EF} = {EEA3C292-C647-4F46-9F29-35A0C6B437EF}
	EndProjectSection
EndProject
Project("{FAE04EC0-301F-11D3-BF4B-00C04F79EFBC}") = "Infatlan_STEI_Inventario", "Infatlan_STEI_Inventario\Infatlan_STEI_Inventario.csproj", "{C9F0DF54-7A23-4B49-98A7-026165986C0A}"
	ProjectSection(ProjectDependencies) = postProject
		{EEA3C292-C647-4F46-9F29-35A0C6B437EF} = {EEA3C292-C647-4F46-9F29-35A0C6B437EF}
	EndProjectSection
EndProject
Project("{FAE04EC0-301F-11D3-BF4B-00C04F79EFBC}") = "Infatlan_STEI_CableadoEstructurado", "Infatlan_STEI_CableadoEstructurado\Infatlan_STEI_CableadoEstructurado.csproj", "{E16DFB80-29D5-4586-AC0F-ECDABCC29462}"
	ProjectSection(ProjectDependencies) = postProject
		{EEA3C292-C647-4F46-9F29-35A0C6B437EF} = {EEA3C292-C647-4F46-9F29-35A0C6B437EF}
	EndProjectSection
EndProject
Project("{FAE04EC0-301F-11D3-BF4B-00C04F79EFBC}") = "Infatlan_STEI_Comunicacion", "Infatlan_STEI_Comunicacion\Infatlan_STEI_Comunicacion.csproj", "{B866F35A-DDED-4463-83A5-A3A362BCA9B3}"
EndProject
Global
	GlobalSection(SolutionConfigurationPlatforms) = preSolution
		Debug|Any CPU = Debug|Any CPU
		Release|Any CPU = Release|Any CPU
	EndGlobalSection
	GlobalSection(ProjectConfigurationPlatforms) = postSolution
		{EEA3C292-C647-4F46-9F29-35A0C6B437EF}.Debug|Any CPU.ActiveCfg = Debug|Any CPU
		{EEA3C292-C647-4F46-9F29-35A0C6B437EF}.Debug|Any CPU.Build.0 = Debug|Any CPU
		{EEA3C292-C647-4F46-9F29-35A0C6B437EF}.Release|Any CPU.ActiveCfg = Release|Any CPU
		{EEA3C292-C647-4F46-9F29-35A0C6B437EF}.Release|Any CPU.Build.0 = Release|Any CPU
		{51759351-E84C-4568-8925-265C185F9808}.Debug|Any CPU.ActiveCfg = Debug|Any CPU
		{51759351-E84C-4568-8925-265C185F9808}.Debug|Any CPU.Build.0 = Debug|Any CPU
		{51759351-E84C-4568-8925-265C185F9808}.Release|Any CPU.ActiveCfg = Release|Any CPU
		{51759351-E84C-4568-8925-265C185F9808}.Release|Any CPU.Build.0 = Release|Any CPU
		{67B0F33E-BFB7-420C-9D8B-00012452C6AA}.Debug|Any CPU.ActiveCfg = Debug|Any CPU
		{67B0F33E-BFB7-420C-9D8B-00012452C6AA}.Debug|Any CPU.Build.0 = Debug|Any CPU
		{67B0F33E-BFB7-420C-9D8B-00012452C6AA}.Release|Any CPU.ActiveCfg = Release|Any CPU
		{67B0F33E-BFB7-420C-9D8B-00012452C6AA}.Release|Any CPU.Build.0 = Release|Any CPU
		{C9F0DF54-7A23-4B49-98A7-026165986C0A}.Debug|Any CPU.ActiveCfg = Debug|Any CPU
		{C9F0DF54-7A23-4B49-98A7-026165986C0A}.Debug|Any CPU.Build.0 = Debug|Any CPU
		{C9F0DF54-7A23-4B49-98A7-026165986C0A}.Release|Any CPU.ActiveCfg = Release|Any CPU
		{C9F0DF54-7A23-4B49-98A7-026165986C0A}.Release|Any CPU.Build.0 = Release|Any CPU
		{E16DFB80-29D5-4586-AC0F-ECDABCC29462}.Debug|Any CPU.ActiveCfg = Debug|Any CPU
		{E16DFB80-29D5-4586-AC0F-ECDABCC29462}.Debug|Any CPU.Build.0 = Debug|Any CPU
		{E16DFB80-29D5-4586-AC0F-ECDABCC29462}.Release|Any CPU.ActiveCfg = Release|Any CPU
		{E16DFB80-29D5-4586-AC0F-ECDABCC29462}.Release|Any CPU.Build.0 = Release|Any CPU
		{B866F35A-DDED-4463-83A5-A3A362BCA9B3}.Debug|Any CPU.ActiveCfg = Debug|Any CPU
		{B866F35A-DDED-4463-83A5-A3A362BCA9B3}.Debug|Any CPU.Build.0 = Debug|Any CPU
		{B866F35A-DDED-4463-83A5-A3A362BCA9B3}.Release|Any CPU.ActiveCfg = Release|Any CPU
		{B866F35A-DDED-4463-83A5-A3A362BCA9B3}.Release|Any CPU.Build.0 = Release|Any CPU
	EndGlobalSection
	GlobalSection(SolutionProperties) = preSolution
		HideSolutionNode = FALSE
	EndGlobalSection
	GlobalSection(ExtensibilityGlobals) = postSolution
		SolutionGuid = {33330D0C-F06E-4920-A929-B20825C6D5B7}
	EndGlobalSection
EndGlobal
